
Microsoft Visual Studio Solution File, Format Version 12.00
# Visual Studio Version 17
VisualStudioVersion = 17.2.32630.192
MinimumVisualStudioVersion = 10.0.40219.1
Project("{FAE04EC0-301F-11D3-BF4B-00C04F79EFBC}") = "CertGenerator", "SertGenerator\CertGenerator.csproj", "{38AE60A9-BBD4-4D68-BE1C-1EA504774070}"
EndProject
Project("{2150E333-8FDC-42A3-9474-1A3956D46DE8}") = "Элементы решения", "Элементы решения", "{68460769-E076-4C78-84E8-47D25B83C03E}"
	ProjectSection(SolutionItems) = preProject
		Conspect.txt = Conspect.txt
	EndProjectSection
EndProject
Project("{FAE04EC0-301F-11D3-BF4B-00C04F79EFBC}") = "SampleWPF_ToSigning", "SampleWPF_ToSigning\SampleWPF_ToSigning.csproj", "{E8A7A9B0-C78D-45C1-883D-B1CD39FF4307}"
EndProject
Global
	GlobalSection(SolutionConfigurationPlatforms) = preSolution
		Debug|Any CPU = Debug|Any CPU
		Release|Any CPU = Release|Any CPU
	EndGlobalSection
	GlobalSection(ProjectConfigurationPlatforms) = postSolution
		{38AE60A9-BBD4-4D68-BE1C-1EA504774070}.Debug|Any CPU.ActiveCfg = Debug|Any CPU
		{38AE60A9-BBD4-4D68-BE1C-1EA504774070}.Debug|Any CPU.Build.0 = Debug|Any CPU
		{38AE60A9-BBD4-4D68-BE1C-1EA504774070}.Release|Any CPU.ActiveCfg = Release|Any CPU
		{38AE60A9-BBD4-4D68-BE1C-1EA504774070}.Release|Any CPU.Build.0 = Release|Any CPU
		{E8A7A9B0-C78D-45C1-883D-B1CD39FF4307}.Debug|Any CPU.ActiveCfg = Debug|Any CPU
		{E8A7A9B0-C78D-45C1-883D-B1CD39FF4307}.Debug|Any CPU.Build.0 = Debug|Any CPU
		{E8A7A9B0-C78D-45C1-883D-B1CD39FF4307}.Release|Any CPU.ActiveCfg = Release|Any CPU
		{E8A7A9B0-C78D-45C1-883D-B1CD39FF4307}.Release|Any CPU.Build.0 = Release|Any CPU
	EndGlobalSection
	GlobalSection(SolutionProperties) = preSolution
		HideSolutionNode = FALSE
	EndGlobalSection
	GlobalSection(ExtensibilityGlobals) = postSolution
		SolutionGuid = {B61D082C-E16A-4ABA-9745-C83F28F32392}
	EndGlobalSection
EndGlobal
